
Microsoft Visual Studio Solution File, Format Version 12.00
# Visual Studio 14
VisualStudioVersion = 14.0.25420.1
MinimumVisualStudioVersion = 10.0.40219.1
Project("{FAE04EC0-301F-11D3-BF4B-00C04F79EFBC}") = "GifAnimationSample_Monogame", "GifAnimationSample_Monogame\GifAnimationSample_Monogame.csproj", "{1BAE39F0-CF28-4A42-A4C1-D3B13A3B4D26}"
EndProject
Project("{FAE04EC0-301F-11D3-BF4B-00C04F79EFBC}") = "GifAnimation", "GifAnimation\GifAnimation.csproj", "{19D60943-2D29-487F-B48E-AA53B1F29267}"
EndProject
Project("{FAE04EC0-301F-11D3-BF4B-00C04F79EFBC}") = "GifAnimation.Pipeline", "GifAnimationPipeline\GifAnimation.Pipeline.csproj", "{F6DB23FB-463D-457E-8017-6064067E46B8}"
EndProject
Global
	GlobalSection(SolutionConfigurationPlatforms) = preSolution
		Debug|Any CPU = Debug|Any CPU
		Debug|x86 = Debug|x86
		Release|Any CPU = Release|Any CPU
		Release|x86 = Release|x86
	EndGlobalSection
	GlobalSection(ProjectConfigurationPlatforms) = postSolution
		{1BAE39F0-CF28-4A42-A4C1-D3B13A3B4D26}.Debug|Any CPU.ActiveCfg = Debug|x86
		{1BAE39F0-CF28-4A42-A4C1-D3B13A3B4D26}.Debug|x86.ActiveCfg = Debug|x86
		{1BAE39F0-CF28-4A42-A4C1-D3B13A3B4D26}.Debug|x86.Build.0 = Debug|x86
		{1BAE39F0-CF28-4A42-A4C1-D3B13A3B4D26}.Release|Any CPU.ActiveCfg = Release|x86
		{1BAE39F0-CF28-4A42-A4C1-D3B13A3B4D26}.Release|x86.ActiveCfg = Release|x86
		{1BAE39F0-CF28-4A42-A4C1-D3B13A3B4D26}.Release|x86.Build.0 = Release|x86
		{19D60943-2D29-487F-B48E-AA53B1F29267}.Debug|Any CPU.ActiveCfg = Debug|Any CPU
		{19D60943-2D29-487F-B48E-AA53B1F29267}.Debug|Any CPU.Build.0 = Debug|Any CPU
		{19D60943-2D29-487F-B48E-AA53B1F29267}.Debug|x86.ActiveCfg = Debug|Any CPU
		{19D60943-2D29-487F-B48E-AA53B1F29267}.Debug|x86.Build.0 = Debug|Any CPU
		{19D60943-2D29-487F-B48E-AA53B1F29267}.Release|Any CPU.ActiveCfg = Release|Any CPU
		{19D60943-2D29-487F-B48E-AA53B1F29267}.Release|Any CPU.Build.0 = Release|Any CPU
		{19D60943-2D29-487F-B48E-AA53B1F29267}.Release|x86.ActiveCfg = Release|Any CPU
		{19D60943-2D29-487F-B48E-AA53B1F29267}.Release|x86.Build.0 = Release|Any CPU
		{F6DB23FB-463D-457E-8017-6064067E46B8}.Debug|Any CPU.ActiveCfg = Debug|Any CPU
		{F6DB23FB-463D-457E-8017-6064067E46B8}.Debug|Any CPU.Build.0 = Debug|Any CPU
		{F6DB23FB-463D-457E-8017-6064067E46B8}.Debug|x86.ActiveCfg = Debug|Any CPU
		{F6DB23FB-463D-457E-8017-6064067E46B8}.Debug|x86.Build.0 = Debug|Any CPU
		{F6DB23FB-463D-457E-8017-6064067E46B8}.Release|Any CPU.ActiveCfg = Release|Any CPU
		{F6DB23FB-463D-457E-8017-6064067E46B8}.Release|Any CPU.Build.0 = Release|Any CPU
		{F6DB23FB-463D-457E-8017-6064067E46B8}.Release|x86.ActiveCfg = Release|Any CPU
		{F6DB23FB-463D-457E-8017-6064067E46B8}.Release|x86.Build.0 = Release|Any CPU
	EndGlobalSection
	GlobalSection(SolutionProperties) = preSolution
		HideSolutionNode = FALSE
	EndGlobalSection
EndGlobal
